
Microsoft Visual Studio Solution File, Format Version 12.00
# Visual Studio Version 17
VisualStudioVersion = 17.11.35327.3
MinimumVisualStudioVersion = 10.0.40219.1
Project("{8BC9CEB8-8B4A-11D0-8D11-00A0C91BC942}") = "server", "server\server.vcxproj", "{1E6EFD9A-6BC0-4AD1-B92E-9378EF1A2153}"
EndProject
Global
	GlobalSection(SolutionConfigurationPlatforms) = preSolution
		Debug|x64 = Debug|x64
		Debug|x86 = Debug|x86
		Release|x64 = Release|x64
		Release|x86 = Release|x86
	EndGlobalSection
	GlobalSection(ProjectConfigurationPlatforms) = postSolution
		{1E6EFD9A-6BC0-4AD1-B92E-9378EF1A2153}.Debug|x64.ActiveCfg = Debug|x64
		{1E6EFD9A-6BC0-4AD1-B92E-9378EF1A2153}.Debug|x64.Build.0 = Debug|x64
		{1E6EFD9A-6BC0-4AD1-B92E-9378EF1A2153}.Debug|x86.ActiveCfg = Debug|Win32
		{1E6EFD9A-6BC0-4AD1-B92E-9378EF1A2153}.Debug|x86.Build.0 = Debug|Win32
		{1E6EFD9A-6BC0-4AD1-B92E-9378EF1A2153}.Release|x64.ActiveCfg = Release|x64
		{1E6EFD9A-6BC0-4AD1-B92E-9378EF1A2153}.Release|x64.Build.0 = Release|x64
		{1E6EFD9A-6BC0-4AD1-B92E-9378EF1A2153}.Release|x86.ActiveCfg = Release|Win32
		{1E6EFD9A-6BC0-4AD1-B92E-9378EF1A2153}.Release|x86.Build.0 = Release|Win32
	EndGlobalSection
	GlobalSection(SolutionProperties) = preSolution
		HideSolutionNode = FALSE
	EndGlobalSection
	GlobalSection(ExtensibilityGlobals) = postSolution
		SolutionGuid = {9DEDF907-D107-4E45-A84B-A247E7383049}
	EndGlobalSection
EndGlobal
